
Microsoft Visual Studio Solution File, Format Version 12.00
# Visual Studio Version 17
VisualStudioVersion = 17.0.32002.185
MinimumVisualStudioVersion = 10.0.40219.1
Project("{FAE04EC0-301F-11D3-BF4B-00C04F79EFBC}") = "Student Management App", "Student Management App\Student Management App.csproj", "{0E9EB23F-6A60-4392-AA38-A1A05690C471}"
EndProject
Global
	GlobalSection(SolutionConfigurationPlatforms) = preSolution
		Debug|Any CPU = Debug|Any CPU
		Release|Any CPU = Release|Any CPU
	EndGlobalSection
	GlobalSection(ProjectConfigurationPlatforms) = postSolution
		{0E9EB23F-6A60-4392-AA38-A1A05690C471}.Debug|Any CPU.ActiveCfg = Debug|Any CPU
		{0E9EB23F-6A60-4392-AA38-A1A05690C471}.Debug|Any CPU.Build.0 = Debug|Any CPU
		{0E9EB23F-6A60-4392-AA38-A1A05690C471}.Release|Any CPU.ActiveCfg = Release|Any CPU
		{0E9EB23F-6A60-4392-AA38-A1A05690C471}.Release|Any CPU.Build.0 = Release|Any CPU
	EndGlobalSection
	GlobalSection(SolutionProperties) = preSolution
		HideSolutionNode = FALSE
	EndGlobalSection
	GlobalSection(ExtensibilityGlobals) = postSolution
		SolutionGuid = {7A2B9458-8B4C-4BA9-B0E0-9838259E1FFF}
	EndGlobalSection
EndGlobal
