
Microsoft Visual Studio Solution File, Format Version 12.00
# Visual Studio Version 17
VisualStudioVersion = 17.0.32002.185
MinimumVisualStudioVersion = 10.0.40219.1
Project("{FAE04EC0-301F-11D3-BF4B-00C04F79EFBC}") = "Pokemon Battle", "Pokemon Battle\Pokemon Battle.csproj", "{3C3FFA78-1533-4001-BFD7-FF9658217908}"
EndProject
Global
	GlobalSection(SolutionConfigurationPlatforms) = preSolution
		Debug|Any CPU = Debug|Any CPU
		Release|Any CPU = Release|Any CPU
	EndGlobalSection
	GlobalSection(ProjectConfigurationPlatforms) = postSolution
		{3C3FFA78-1533-4001-BFD7-FF9658217908}.Debug|Any CPU.ActiveCfg = Debug|Any CPU
		{3C3FFA78-1533-4001-BFD7-FF9658217908}.Debug|Any CPU.Build.0 = Debug|Any CPU
		{3C3FFA78-1533-4001-BFD7-FF9658217908}.Release|Any CPU.ActiveCfg = Release|Any CPU
		{3C3FFA78-1533-4001-BFD7-FF9658217908}.Release|Any CPU.Build.0 = Release|Any CPU
	EndGlobalSection
	GlobalSection(SolutionProperties) = preSolution
		HideSolutionNode = FALSE
	EndGlobalSection
	GlobalSection(ExtensibilityGlobals) = postSolution
		SolutionGuid = {170826DB-6C5E-4654-A740-3FFC5C0A9F27}
	EndGlobalSection
EndGlobal
