
Microsoft Visual Studio Solution File, Format Version 12.00
# Visual Studio Version 17
VisualStudioVersion = 17.0.32002.185
MinimumVisualStudioVersion = 10.0.40219.1
Project("{FAE04EC0-301F-11D3-BF4B-00C04F79EFBC}") = "Quiz Assignment", "Quiz Assignment\Quiz Assignment.csproj", "{FC854F4E-6B13-4543-A93F-C06F823006FC}"
EndProject
Global
	GlobalSection(SolutionConfigurationPlatforms) = preSolution
		Debug|Any CPU = Debug|Any CPU
		Release|Any CPU = Release|Any CPU
	EndGlobalSection
	GlobalSection(ProjectConfigurationPlatforms) = postSolution
		{FC854F4E-6B13-4543-A93F-C06F823006FC}.Debug|Any CPU.ActiveCfg = Debug|Any CPU
		{FC854F4E-6B13-4543-A93F-C06F823006FC}.Debug|Any CPU.Build.0 = Debug|Any CPU
		{FC854F4E-6B13-4543-A93F-C06F823006FC}.Release|Any CPU.ActiveCfg = Release|Any CPU
		{FC854F4E-6B13-4543-A93F-C06F823006FC}.Release|Any CPU.Build.0 = Release|Any CPU
	EndGlobalSection
	GlobalSection(SolutionProperties) = preSolution
		HideSolutionNode = FALSE
	EndGlobalSection
	GlobalSection(ExtensibilityGlobals) = postSolution
		SolutionGuid = {DAEF1515-3770-4526-9B85-02E156C2D8E2}
	EndGlobalSection
EndGlobal
